
Microsoft Visual Studio Solution File, Format Version 12.00
# Visual Studio 15
VisualStudioVersion = 15.0.28307.489
MinimumVisualStudioVersion = 10.0.40219.1
Project("{FAE04EC0-301F-11D3-BF4B-00C04F79EFBC}") = "PhotoSlideshow2019", "PhotoSlideshow2019\PhotoSlideshow2019.csproj", "{6F6EC72F-743E-42CB-BD22-CDB8C4562E9C}"
EndProject
Global
	GlobalSection(SolutionConfigurationPlatforms) = preSolution
		Debug|Any CPU = Debug|Any CPU
		Release|Any CPU = Release|Any CPU
	EndGlobalSection
	GlobalSection(ProjectConfigurationPlatforms) = postSolution
		{6F6EC72F-743E-42CB-BD22-CDB8C4562E9C}.Debug|Any CPU.ActiveCfg = Debug|Any CPU
		{6F6EC72F-743E-42CB-BD22-CDB8C4562E9C}.Debug|Any CPU.Build.0 = Debug|Any CPU
		{6F6EC72F-743E-42CB-BD22-CDB8C4562E9C}.Release|Any CPU.ActiveCfg = Release|Any CPU
		{6F6EC72F-743E-42CB-BD22-CDB8C4562E9C}.Release|Any CPU.Build.0 = Release|Any CPU
	EndGlobalSection
	GlobalSection(SolutionProperties) = preSolution
		HideSolutionNode = FALSE
	EndGlobalSection
	GlobalSection(ExtensibilityGlobals) = postSolution
		SolutionGuid = {6021B0BC-B24B-4105-B8F6-EE3A0702F8F5}
	EndGlobalSection
EndGlobal
